
Terraform used the selected providers to generate the following execution
plan. Resource actions are indicated with the following symbols:
  [32m+[0m create[0m

Terraform will perform the following actions:

[1m  # aws_security_group.pattern1_sg[0m will be created
[0m  [32m+[0m[0m resource "aws_security_group" "pattern1_sg" {
      [32m+[0m[0m arn                    = (known after apply)
      [32m+[0m[0m description            = "Testing inline ingress + aws_security_group_rule"
      [32m+[0m[0m egress                 = (known after apply)
      [32m+[0m[0m id                     = (known after apply)
      [32m+[0m[0m ingress                = [
          [32m+[0m[0m {
              [32m+[0m[0m cidr_blocks      = [
                  [32m+[0m[0m "0.0.0.0/0",
                ]
              [32m+[0m[0m description      = "SSH (inline rule)"
              [32m+[0m[0m from_port        = 22
              [32m+[0m[0m ipv6_cidr_blocks = []
              [32m+[0m[0m prefix_list_ids  = []
              [32m+[0m[0m protocol         = "tcp"
              [32m+[0m[0m security_groups  = []
              [32m+[0m[0m self             = false
              [32m+[0m[0m to_port          = 22
            },
        ]
      [32m+[0m[0m name                   = "pattern1-inline-and-sg-rule"
      [32m+[0m[0m name_prefix            = (known after apply)
      [32m+[0m[0m owner_id               = (known after apply)
      [32m+[0m[0m revoke_rules_on_delete = false
      [32m+[0m[0m tags                   = {
          [32m+[0m[0m "Name" = "pattern1-sg"
        }
      [32m+[0m[0m tags_all               = {
          [32m+[0m[0m "Name" = "pattern1-sg"
        }
      [32m+[0m[0m vpc_id                 = (known after apply)
    }

[1m  # aws_security_group.pattern2_sg[0m will be created
[0m  [32m+[0m[0m resource "aws_security_group" "pattern2_sg" {
      [32m+[0m[0m arn                    = (known after apply)
      [32m+[0m[0m description            = "Testing inline ingress + aws_vpc_security_group_ingress_rule"
      [32m+[0m[0m egress                 = (known after apply)
      [32m+[0m[0m id                     = (known after apply)
      [32m+[0m[0m ingress                = [
          [32m+[0m[0m {
              [32m+[0m[0m cidr_blocks      = [
                  [32m+[0m[0m "0.0.0.0/0",
                ]
              [32m+[0m[0m description      = "SSH (inline rule)"
              [32m+[0m[0m from_port        = 22
              [32m+[0m[0m ipv6_cidr_blocks = []
              [32m+[0m[0m prefix_list_ids  = []
              [32m+[0m[0m protocol         = "tcp"
              [32m+[0m[0m security_groups  = []
              [32m+[0m[0m self             = false
              [32m+[0m[0m to_port          = 22
            },
        ]
      [32m+[0m[0m name                   = "pattern2-inline-and-vpc-sg-rule"
      [32m+[0m[0m name_prefix            = (known after apply)
      [32m+[0m[0m owner_id               = (known after apply)
      [32m+[0m[0m revoke_rules_on_delete = false
      [32m+[0m[0m tags                   = {
          [32m+[0m[0m "Name" = "pattern2-sg"
        }
      [32m+[0m[0m tags_all               = {
          [32m+[0m[0m "Name" = "pattern2-sg"
        }
      [32m+[0m[0m vpc_id                 = (known after apply)
    }

[1m  # aws_vpc.conflict_test_vpc[0m will be created
[0m  [32m+[0m[0m resource "aws_vpc" "conflict_test_vpc" {
      [32m+[0m[0m arn                                  = (known after apply)
      [32m+[0m[0m cidr_block                           = "10.1.0.0/16"
      [32m+[0m[0m default_network_acl_id               = (known after apply)
      [32m+[0m[0m default_route_table_id               = (known after apply)
      [32m+[0m[0m default_security_group_id            = (known after apply)
      [32m+[0m[0m dhcp_options_id                      = (known after apply)
      [32m+[0m[0m enable_dns_hostnames                 = (known after apply)
      [32m+[0m[0m enable_dns_support                   = true
      [32m+[0m[0m enable_network_address_usage_metrics = (known after apply)
      [32m+[0m[0m id                                   = (known after apply)
      [32m+[0m[0m instance_tenancy                     = "default"
      [32m+[0m[0m ipv6_association_id                  = (known after apply)
      [32m+[0m[0m ipv6_cidr_block                      = (known after apply)
      [32m+[0m[0m ipv6_cidr_block_network_border_group = (known after apply)
      [32m+[0m[0m main_route_table_id                  = (known after apply)
      [32m+[0m[0m owner_id                             = (known after apply)
      [32m+[0m[0m tags                                 = {
          [32m+[0m[0m "Name" = "conflict-test-vpc"
        }
      [32m+[0m[0m tags_all                             = {
          [32m+[0m[0m "Name" = "conflict-test-vpc"
        }
    }

[1mPlan:[0m 3 to add, 0 to change, 0 to destroy.
[0m[0m[1maws_vpc.conflict_test_vpc: Creating...[0m[0m
[0m[1maws_vpc.conflict_test_vpc: Creation complete after 2s [id=vpc-0218366c7c30575ef][0m
[0m[1maws_security_group.pattern1_sg: Creating...[0m[0m
[0m[1maws_security_group.pattern2_sg: Creating...[0m[0m
[0m[1maws_security_group.pattern1_sg: Creation complete after 2s [id=sg-0b4eaa235eef61631][0m
[0m[1maws_security_group.pattern2_sg: Creation complete after 2s [id=sg-09d3d503b238d6b14][0m
[0m[1m[32m
Apply complete! Resources: 3 added, 0 changed, 0 destroyed.
[0m