[0m[1maws_vpc.conflict_test_vpc: Refreshing state... [id=vpc-0218366c7c30575ef][0m
[0m[1maws_security_group.pattern1_sg: Refreshing state... [id=sg-0b4eaa235eef61631][0m
[0m[1maws_security_group.pattern2_sg: Refreshing state... [id=sg-09d3d503b238d6b14][0m
[0m[1maws_security_group_rule.pattern1_http: Refreshing state... [id=sgrule-1223500833][0m

Terraform used the selected providers to generate the following execution
plan. Resource actions are indicated with the following symbols:
  [32m+[0m create[0m
  [33m~[0m update in-place[0m

Terraform will perform the following actions:

[1m  # aws_security_group.pattern1_sg[0m will be updated in-place
[0m  [33m~[0m[0m resource "aws_security_group" "pattern1_sg" {
        id                     = "sg-0b4eaa235eef61631"
      [33m~[0m[0m ingress                = [
          [31m-[0m[0m {
              [31m-[0m[0m cidr_blocks      = [
                  [31m-[0m[0m "0.0.0.0/0",
                ]
              [31m-[0m[0m description      = "HTTP (using aws_security_group_rule)"
              [31m-[0m[0m from_port        = 80
              [31m-[0m[0m ipv6_cidr_blocks = []
              [31m-[0m[0m prefix_list_ids  = []
              [31m-[0m[0m protocol         = "tcp"
              [31m-[0m[0m security_groups  = []
              [31m-[0m[0m self             = false
              [31m-[0m[0m to_port          = 80
            },
            [90m# (1 unchanged element hidden)[0m[0m
        ]
        name                   = "pattern1-inline-and-sg-rule"
        tags                   = {
            "Name" = "pattern1-sg"
        }
        [90m# (8 unchanged attributes hidden)[0m[0m
    }

[1m  # aws_vpc_security_group_ingress_rule.pattern2_https[0m will be created
[0m  [32m+[0m[0m resource "aws_vpc_security_group_ingress_rule" "pattern2_https" {
      [32m+[0m[0m arn                    = (known after apply)
      [32m+[0m[0m cidr_ipv4              = "0.0.0.0/0"
      [32m+[0m[0m description            = "HTTPS (using aws_vpc_security_group_ingress_rule)"
      [32m+[0m[0m from_port              = 443
      [32m+[0m[0m id                     = (known after apply)
      [32m+[0m[0m ip_protocol            = "tcp"
      [32m+[0m[0m security_group_id      = "sg-09d3d503b238d6b14"
      [32m+[0m[0m security_group_rule_id = (known after apply)
      [32m+[0m[0m tags_all               = {}
      [32m+[0m[0m to_port                = 443
    }

[1mPlan:[0m 1 to add, 1 to change, 0 to destroy.
[0m[0m[1maws_vpc_security_group_ingress_rule.pattern2_https: Creating...[0m[0m
[0m[1maws_security_group.pattern1_sg: Modifying... [id=sg-0b4eaa235eef61631][0m[0m
[0m[1maws_vpc_security_group_ingress_rule.pattern2_https: Creation complete after 0s [id=sgr-0a6aac74639d6df80][0m
[0m[1maws_security_group.pattern1_sg: Modifications complete after 0s [id=sg-0b4eaa235eef61631][0m
[0m[1m[32m
Apply complete! Resources: 1 added, 1 changed, 0 destroyed.
[0m