[0m[1maws_vpc.conflict_test_vpc: Refreshing state... [id=vpc-0218366c7c30575ef][0m
[0m[1maws_security_group.pattern2_sg: Refreshing state... [id=sg-09d3d503b238d6b14][0m
[0m[1maws_security_group.pattern1_sg: Refreshing state... [id=sg-0b4eaa235eef61631][0m

Terraform used the selected providers to generate the following execution
plan. Resource actions are indicated with the following symbols:
  [32m+[0m create[0m

Terraform will perform the following actions:

[1m  # aws_security_group_rule.pattern1_http[0m will be created
[0m  [32m+[0m[0m resource "aws_security_group_rule" "pattern1_http" {
      [32m+[0m[0m cidr_blocks              = [
          [32m+[0m[0m "0.0.0.0/0",
        ]
      [32m+[0m[0m description              = "HTTP (using aws_security_group_rule)"
      [32m+[0m[0m from_port                = 80
      [32m+[0m[0m id                       = (known after apply)
      [32m+[0m[0m protocol                 = "tcp"
      [32m+[0m[0m security_group_id        = "sg-0b4eaa235eef61631"
      [32m+[0m[0m security_group_rule_id   = (known after apply)
      [32m+[0m[0m self                     = false
      [32m+[0m[0m source_security_group_id = (known after apply)
      [32m+[0m[0m to_port                  = 80
      [32m+[0m[0m type                     = "ingress"
    }

[1mPlan:[0m 1 to add, 0 to change, 0 to destroy.
[0m[0m[1maws_security_group_rule.pattern1_http: Creating...[0m[0m
[0m[1maws_security_group_rule.pattern1_http: Creation complete after 0s [id=sgrule-1223500833][0m
[0m[1m[32m
Apply complete! Resources: 1 added, 0 changed, 0 destroyed.
[0m