[0m[1maws_vpc.test_vpc: Refreshing state... [id=vpc-032c236a15adbd5ae][0m
[0m[1maws_security_group.test_sg: Refreshing state... [id=sg-04ad30f8c2f96a412][0m
[0m[1maws_security_group_rule.allow_http: Refreshing state... [id=sgrule-3655108427][0m

Terraform used the selected providers to generate the following execution
plan. Resource actions are indicated with the following symbols:
  [32m+[0m create[0m

Terraform will perform the following actions:

[1m  # aws_vpc_security_group_ingress_rule.allow_https[0m will be created
[0m  [32m+[0m[0m resource "aws_vpc_security_group_ingress_rule" "allow_https" {
      [32m+[0m[0m arn                    = (known after apply)
      [32m+[0m[0m cidr_ipv4              = "0.0.0.0/0"
      [32m+[0m[0m description            = "Allow HTTPS from anywhere (using aws_vpc_security_group_ingress_rule)"
      [32m+[0m[0m from_port              = 443
      [32m+[0m[0m id                     = (known after apply)
      [32m+[0m[0m ip_protocol            = "tcp"
      [32m+[0m[0m security_group_id      = "sg-04ad30f8c2f96a412"
      [32m+[0m[0m security_group_rule_id = (known after apply)
      [32m+[0m[0m tags_all               = {}
      [32m+[0m[0m to_port                = 443
    }

[1mPlan:[0m 1 to add, 0 to change, 0 to destroy.
[0m[0m[1maws_vpc_security_group_ingress_rule.allow_https: Creating...[0m[0m
[0m[1maws_vpc_security_group_ingress_rule.allow_https: Creation complete after 1s [id=sgr-0e53651a8302041d7][0m
[0m[1m[32m
Apply complete! Resources: 1 added, 0 changed, 0 destroyed.
[0m